
Microsoft Visual Studio Solution File, Format Version 12.00
# Visual Studio Version 17
VisualStudioVersion = 17.4.33205.214
MinimumVisualStudioVersion = 10.0.40219.1
Project("{FAE04EC0-301F-11D3-BF4B-00C04F79EFBC}") = "para", "para\para.csproj", "{0EFDD90F-7689-4BFA-A00E-E14F1351DCC5}"
EndProject
Global
	GlobalSection(SolutionConfigurationPlatforms) = preSolution
		Debug|Any CPU = Debug|Any CPU
		Release|Any CPU = Release|Any CPU
	EndGlobalSection
	GlobalSection(ProjectConfigurationPlatforms) = postSolution
		{0EFDD90F-7689-4BFA-A00E-E14F1351DCC5}.Debug|Any CPU.ActiveCfg = Debug|Any CPU
		{0EFDD90F-7689-4BFA-A00E-E14F1351DCC5}.Debug|Any CPU.Build.0 = Debug|Any CPU
		{0EFDD90F-7689-4BFA-A00E-E14F1351DCC5}.Release|Any CPU.ActiveCfg = Release|Any CPU
		{0EFDD90F-7689-4BFA-A00E-E14F1351DCC5}.Release|Any CPU.Build.0 = Release|Any CPU
	EndGlobalSection
	GlobalSection(SolutionProperties) = preSolution
		HideSolutionNode = FALSE
	EndGlobalSection
	GlobalSection(ExtensibilityGlobals) = postSolution
		SolutionGuid = {2F16F45B-6000-4799-BBDF-58553DEC998B}
	EndGlobalSection
EndGlobal
